
Microsoft Visual Studio Solution File, Format Version 12.00
# Visual Studio 15
VisualStudioVersion = 15.0.27703.2047
MinimumVisualStudioVersion = 10.0.40219.1
Project("{8BC9CEB8-8B4A-11D0-8D11-00A0C91BC942}") = "ConstructorsAndDestructors", "ConstructorsAndDestructors\ConstructorsAndDestructors.vcxproj", "{65051760-1283-4B3D-8B07-75030CB7FA15}"
EndProject
Project("{8BC9CEB8-8B4A-11D0-8D11-00A0C91BC942}") = "OverLoads", "OverLoads\OverLoads.vcxproj", "{02DE8201-8DE2-474C-93B4-414E60DC2577}"
EndProject
Project("{8BC9CEB8-8B4A-11D0-8D11-00A0C91BC942}") = "DeepVsShallowCopies", "DeepVsShallowCopies\DeepVsShallowCopies.vcxproj", "{CD859291-A1F9-40D6-963F-CFCCB79BDCCB}"
EndProject
Project("{8BC9CEB8-8B4A-11D0-8D11-00A0C91BC942}") = "ConversionsAndCasting", "ConversionsAndCasting\ConversionsAndCasting.vcxproj", "{E67AFE90-9F84-420D-86C0-8D8C4782C634}"
EndProject
Project("{8BC9CEB8-8B4A-11D0-8D11-00A0C91BC942}") = "WizBarCorps", "WizBarCorps\WizBarCorps.vcxproj", "{A1C847EE-EFB6-43BA-A67D-0149A24C0C54}"
EndProject
Project("{8BC9CEB8-8B4A-11D0-8D11-00A0C91BC942}") = "Inheritance", "Inheritance\Inheritance.vcxproj", "{29692871-307E-41F8-8224-3AC5EDE39D7E}"
EndProject
Project("{8BC9CEB8-8B4A-11D0-8D11-00A0C91BC942}") = "ButtonMakerInheritanceP2", "ButtonMakerInheritanceP2\ButtonMakerInheritanceP2.vcxproj", "{6F519D43-56C0-45F0-BC95-3FF628CF348B}"
EndProject
Project("{8BC9CEB8-8B4A-11D0-8D11-00A0C91BC942}") = "Polymorphism", "Polymorphism\Polymorphism.vcxproj", "{E611D763-88A4-4A20-878C-5B0D36EDC28F}"
EndProject
Project("{8BC9CEB8-8B4A-11D0-8D11-00A0C91BC942}") = "Templates", "Templates\Templates.vcxproj", "{C037EC81-50C6-4F3A-85C2-E6C52A73BE90}"
EndProject
Project("{8BC9CEB8-8B4A-11D0-8D11-00A0C91BC942}") = "TemplatesWithRaylib", "TemplatesWithRayGame\TemplatesWithRayGame.vcxproj", "{CCEB8A36-7A15-4432-9238-D4733D3433DC}"
EndProject
Project("{8BC9CEB8-8B4A-11D0-8D11-00A0C91BC942}") = "DynamicArrays_Stacks_Queue", "DynamicArrays\DynamicArrays.vcxproj", "{A413EDA0-4D5B-4C6E-903F-55AF377961D7}"
EndProject
Project("{8BC9CEB8-8B4A-11D0-8D11-00A0C91BC942}") = "SpawnOnMouse_DA", "SpawnOnMouse_DA\SpawnOnMouse_DA.vcxproj", "{8AEE7D49-7489-4C25-9160-A5BFE343D885}"
EndProject
Project("{8BC9CEB8-8B4A-11D0-8D11-00A0C91BC942}") = "SpellCaster", "SpellCaster\SpellCaster.vcxproj", "{FCCDC244-A9B7-4FC9-86A1-C1B2DE64F148}"
EndProject
Project("{8BC9CEB8-8B4A-11D0-8D11-00A0C91BC942}") = "LinkedLists", "LinkedLists\LinkedLists.vcxproj", "{D53096A6-325E-4E67-995F-2C56C97B7501}"
EndProject
Project("{8BC9CEB8-8B4A-11D0-8D11-00A0C91BC942}") = "BubbleSorting", "Sorting\Sorting.vcxproj", "{900A19CB-6863-4C53-8852-9262E797A7DA}"
EndProject
Global
	GlobalSection(SolutionConfigurationPlatforms) = preSolution
		Debug|x64 = Debug|x64
		Debug|x86 = Debug|x86
		Release|x64 = Release|x64
		Release|x86 = Release|x86
	EndGlobalSection
	GlobalSection(ProjectConfigurationPlatforms) = postSolution
		{65051760-1283-4B3D-8B07-75030CB7FA15}.Debug|x64.ActiveCfg = Debug|x64
		{65051760-1283-4B3D-8B07-75030CB7FA15}.Debug|x64.Build.0 = Debug|x64
		{65051760-1283-4B3D-8B07-75030CB7FA15}.Debug|x86.ActiveCfg = Debug|Win32
		{65051760-1283-4B3D-8B07-75030CB7FA15}.Debug|x86.Build.0 = Debug|Win32
		{65051760-1283-4B3D-8B07-75030CB7FA15}.Release|x64.ActiveCfg = Release|x64
		{65051760-1283-4B3D-8B07-75030CB7FA15}.Release|x64.Build.0 = Release|x64
		{65051760-1283-4B3D-8B07-75030CB7FA15}.Release|x86.ActiveCfg = Release|Win32
		{65051760-1283-4B3D-8B07-75030CB7FA15}.Release|x86.Build.0 = Release|Win32
		{02DE8201-8DE2-474C-93B4-414E60DC2577}.Debug|x64.ActiveCfg = Debug|x64
		{02DE8201-8DE2-474C-93B4-414E60DC2577}.Debug|x64.Build.0 = Debug|x64
		{02DE8201-8DE2-474C-93B4-414E60DC2577}.Debug|x86.ActiveCfg = Debug|Win32
		{02DE8201-8DE2-474C-93B4-414E60DC2577}.Debug|x86.Build.0 = Debug|Win32
		{02DE8201-8DE2-474C-93B4-414E60DC2577}.Release|x64.ActiveCfg = Release|x64
		{02DE8201-8DE2-474C-93B4-414E60DC2577}.Release|x64.Build.0 = Release|x64
		{02DE8201-8DE2-474C-93B4-414E60DC2577}.Release|x86.ActiveCfg = Release|Win32
		{02DE8201-8DE2-474C-93B4-414E60DC2577}.Release|x86.Build.0 = Release|Win32
		{CD859291-A1F9-40D6-963F-CFCCB79BDCCB}.Debug|x64.ActiveCfg = Debug|x64
		{CD859291-A1F9-40D6-963F-CFCCB79BDCCB}.Debug|x64.Build.0 = Debug|x64
		{CD859291-A1F9-40D6-963F-CFCCB79BDCCB}.Debug|x86.ActiveCfg = Debug|Win32
		{CD859291-A1F9-40D6-963F-CFCCB79BDCCB}.Debug|x86.Build.0 = Debug|Win32
		{CD859291-A1F9-40D6-963F-CFCCB79BDCCB}.Release|x64.ActiveCfg = Release|x64
		{CD859291-A1F9-40D6-963F-CFCCB79BDCCB}.Release|x64.Build.0 = Release|x64
		{CD859291-A1F9-40D6-963F-CFCCB79BDCCB}.Release|x86.ActiveCfg = Release|Win32
		{CD859291-A1F9-40D6-963F-CFCCB79BDCCB}.Release|x86.Build.0 = Release|Win32
		{E67AFE90-9F84-420D-86C0-8D8C4782C634}.Debug|x64.ActiveCfg = Debug|x64
		{E67AFE90-9F84-420D-86C0-8D8C4782C634}.Debug|x64.Build.0 = Debug|x64
		{E67AFE90-9F84-420D-86C0-8D8C4782C634}.Debug|x86.ActiveCfg = Debug|Win32
		{E67AFE90-9F84-420D-86C0-8D8C4782C634}.Debug|x86.Build.0 = Debug|Win32
		{E67AFE90-9F84-420D-86C0-8D8C4782C634}.Release|x64.ActiveCfg = Release|x64
		{E67AFE90-9F84-420D-86C0-8D8C4782C634}.Release|x64.Build.0 = Release|x64
		{E67AFE90-9F84-420D-86C0-8D8C4782C634}.Release|x86.ActiveCfg = Release|Win32
		{E67AFE90-9F84-420D-86C0-8D8C4782C634}.Release|x86.Build.0 = Release|Win32
		{A1C847EE-EFB6-43BA-A67D-0149A24C0C54}.Debug|x64.ActiveCfg = Debug|x64
		{A1C847EE-EFB6-43BA-A67D-0149A24C0C54}.Debug|x64.Build.0 = Debug|x64
		{A1C847EE-EFB6-43BA-A67D-0149A24C0C54}.Debug|x86.ActiveCfg = Debug|Win32
		{A1C847EE-EFB6-43BA-A67D-0149A24C0C54}.Debug|x86.Build.0 = Debug|Win32
		{A1C847EE-EFB6-43BA-A67D-0149A24C0C54}.Release|x64.ActiveCfg = Release|x64
		{A1C847EE-EFB6-43BA-A67D-0149A24C0C54}.Release|x64.Build.0 = Release|x64
		{A1C847EE-EFB6-43BA-A67D-0149A24C0C54}.Release|x86.ActiveCfg = Release|Win32
		{A1C847EE-EFB6-43BA-A67D-0149A24C0C54}.Release|x86.Build.0 = Release|Win32
		{29692871-307E-41F8-8224-3AC5EDE39D7E}.Debug|x64.ActiveCfg = Debug|x64
		{29692871-307E-41F8-8224-3AC5EDE39D7E}.Debug|x64.Build.0 = Debug|x64
		{29692871-307E-41F8-8224-3AC5EDE39D7E}.Debug|x86.ActiveCfg = Debug|Win32
		{29692871-307E-41F8-8224-3AC5EDE39D7E}.Debug|x86.Build.0 = Debug|Win32
		{29692871-307E-41F8-8224-3AC5EDE39D7E}.Release|x64.ActiveCfg = Release|x64
		{29692871-307E-41F8-8224-3AC5EDE39D7E}.Release|x64.Build.0 = Release|x64
		{29692871-307E-41F8-8224-3AC5EDE39D7E}.Release|x86.ActiveCfg = Release|Win32
		{29692871-307E-41F8-8224-3AC5EDE39D7E}.Release|x86.Build.0 = Release|Win32
		{6F519D43-56C0-45F0-BC95-3FF628CF348B}.Debug|x64.ActiveCfg = Debug|x64
		{6F519D43-56C0-45F0-BC95-3FF628CF348B}.Debug|x64.Build.0 = Debug|x64
		{6F519D43-56C0-45F0-BC95-3FF628CF348B}.Debug|x86.ActiveCfg = Debug|Win32
		{6F519D43-56C0-45F0-BC95-3FF628CF348B}.Debug|x86.Build.0 = Debug|Win32
		{6F519D43-56C0-45F0-BC95-3FF628CF348B}.Release|x64.ActiveCfg = Release|x64
		{6F519D43-56C0-45F0-BC95-3FF628CF348B}.Release|x64.Build.0 = Release|x64
		{6F519D43-56C0-45F0-BC95-3FF628CF348B}.Release|x86.ActiveCfg = Release|Win32
		{6F519D43-56C0-45F0-BC95-3FF628CF348B}.Release|x86.Build.0 = Release|Win32
		{E611D763-88A4-4A20-878C-5B0D36EDC28F}.Debug|x64.ActiveCfg = Debug|x64
		{E611D763-88A4-4A20-878C-5B0D36EDC28F}.Debug|x64.Build.0 = Debug|x64
		{E611D763-88A4-4A20-878C-5B0D36EDC28F}.Debug|x86.ActiveCfg = Debug|Win32
		{E611D763-88A4-4A20-878C-5B0D36EDC28F}.Debug|x86.Build.0 = Debug|Win32
		{E611D763-88A4-4A20-878C-5B0D36EDC28F}.Release|x64.ActiveCfg = Release|x64
		{E611D763-88A4-4A20-878C-5B0D36EDC28F}.Release|x64.Build.0 = Release|x64
		{E611D763-88A4-4A20-878C-5B0D36EDC28F}.Release|x86.ActiveCfg = Release|Win32
		{E611D763-88A4-4A20-878C-5B0D36EDC28F}.Release|x86.Build.0 = Release|Win32
		{C037EC81-50C6-4F3A-85C2-E6C52A73BE90}.Debug|x64.ActiveCfg = Debug|x64
		{C037EC81-50C6-4F3A-85C2-E6C52A73BE90}.Debug|x64.Build.0 = Debug|x64
		{C037EC81-50C6-4F3A-85C2-E6C52A73BE90}.Debug|x86.ActiveCfg = Debug|Win32
		{C037EC81-50C6-4F3A-85C2-E6C52A73BE90}.Debug|x86.Build.0 = Debug|Win32
		{C037EC81-50C6-4F3A-85C2-E6C52A73BE90}.Release|x64.ActiveCfg = Release|x64
		{C037EC81-50C6-4F3A-85C2-E6C52A73BE90}.Release|x64.Build.0 = Release|x64
		{C037EC81-50C6-4F3A-85C2-E6C52A73BE90}.Release|x86.ActiveCfg = Release|Win32
		{C037EC81-50C6-4F3A-85C2-E6C52A73BE90}.Release|x86.Build.0 = Release|Win32
		{CCEB8A36-7A15-4432-9238-D4733D3433DC}.Debug|x64.ActiveCfg = Debug|x64
		{CCEB8A36-7A15-4432-9238-D4733D3433DC}.Debug|x64.Build.0 = Debug|x64
		{CCEB8A36-7A15-4432-9238-D4733D3433DC}.Debug|x86.ActiveCfg = Debug|Win32
		{CCEB8A36-7A15-4432-9238-D4733D3433DC}.Debug|x86.Build.0 = Debug|Win32
		{CCEB8A36-7A15-4432-9238-D4733D3433DC}.Release|x64.ActiveCfg = Release|x64
		{CCEB8A36-7A15-4432-9238-D4733D3433DC}.Release|x64.Build.0 = Release|x64
		{CCEB8A36-7A15-4432-9238-D4733D3433DC}.Release|x86.ActiveCfg = Release|Win32
		{CCEB8A36-7A15-4432-9238-D4733D3433DC}.Release|x86.Build.0 = Release|Win32
		{A413EDA0-4D5B-4C6E-903F-55AF377961D7}.Debug|x64.ActiveCfg = Debug|x64
		{A413EDA0-4D5B-4C6E-903F-55AF377961D7}.Debug|x64.Build.0 = Debug|x64
		{A413EDA0-4D5B-4C6E-903F-55AF377961D7}.Debug|x86.ActiveCfg = Debug|Win32
		{A413EDA0-4D5B-4C6E-903F-55AF377961D7}.Debug|x86.Build.0 = Debug|Win32
		{A413EDA0-4D5B-4C6E-903F-55AF377961D7}.Release|x64.ActiveCfg = Release|x64
		{A413EDA0-4D5B-4C6E-903F-55AF377961D7}.Release|x64.Build.0 = Release|x64
		{A413EDA0-4D5B-4C6E-903F-55AF377961D7}.Release|x86.ActiveCfg = Release|Win32
		{A413EDA0-4D5B-4C6E-903F-55AF377961D7}.Release|x86.Build.0 = Release|Win32
		{8AEE7D49-7489-4C25-9160-A5BFE343D885}.Debug|x64.ActiveCfg = Debug|x64
		{8AEE7D49-7489-4C25-9160-A5BFE343D885}.Debug|x64.Build.0 = Debug|x64
		{8AEE7D49-7489-4C25-9160-A5BFE343D885}.Debug|x86.ActiveCfg = Debug|Win32
		{8AEE7D49-7489-4C25-9160-A5BFE343D885}.Debug|x86.Build.0 = Debug|Win32
		{8AEE7D49-7489-4C25-9160-A5BFE343D885}.Release|x64.ActiveCfg = Release|x64
		{8AEE7D49-7489-4C25-9160-A5BFE343D885}.Release|x64.Build.0 = Release|x64
		{8AEE7D49-7489-4C25-9160-A5BFE343D885}.Release|x86.ActiveCfg = Release|Win32
		{8AEE7D49-7489-4C25-9160-A5BFE343D885}.Release|x86.Build.0 = Release|Win32
		{FCCDC244-A9B7-4FC9-86A1-C1B2DE64F148}.Debug|x64.ActiveCfg = Debug|x64
		{FCCDC244-A9B7-4FC9-86A1-C1B2DE64F148}.Debug|x64.Build.0 = Debug|x64
		{FCCDC244-A9B7-4FC9-86A1-C1B2DE64F148}.Debug|x86.ActiveCfg = Debug|Win32
		{FCCDC244-A9B7-4FC9-86A1-C1B2DE64F148}.Debug|x86.Build.0 = Debug|Win32
		{FCCDC244-A9B7-4FC9-86A1-C1B2DE64F148}.Release|x64.ActiveCfg = Release|x64
		{FCCDC244-A9B7-4FC9-86A1-C1B2DE64F148}.Release|x64.Build.0 = Release|x64
		{FCCDC244-A9B7-4FC9-86A1-C1B2DE64F148}.Release|x86.ActiveCfg = Release|Win32
		{FCCDC244-A9B7-4FC9-86A1-C1B2DE64F148}.Release|x86.Build.0 = Release|Win32
		{D53096A6-325E-4E67-995F-2C56C97B7501}.Debug|x64.ActiveCfg = Debug|x64
		{D53096A6-325E-4E67-995F-2C56C97B7501}.Debug|x64.Build.0 = Debug|x64
		{D53096A6-325E-4E67-995F-2C56C97B7501}.Debug|x86.ActiveCfg = Debug|Win32
		{D53096A6-325E-4E67-995F-2C56C97B7501}.Debug|x86.Build.0 = Debug|Win32
		{D53096A6-325E-4E67-995F-2C56C97B7501}.Release|x64.ActiveCfg = Release|x64
		{D53096A6-325E-4E67-995F-2C56C97B7501}.Release|x64.Build.0 = Release|x64
		{D53096A6-325E-4E67-995F-2C56C97B7501}.Release|x86.ActiveCfg = Release|Win32
		{D53096A6-325E-4E67-995F-2C56C97B7501}.Release|x86.Build.0 = Release|Win32
		{900A19CB-6863-4C53-8852-9262E797A7DA}.Debug|x64.ActiveCfg = Debug|x64
		{900A19CB-6863-4C53-8852-9262E797A7DA}.Debug|x64.Build.0 = Debug|x64
		{900A19CB-6863-4C53-8852-9262E797A7DA}.Debug|x86.ActiveCfg = Debug|Win32
		{900A19CB-6863-4C53-8852-9262E797A7DA}.Debug|x86.Build.0 = Debug|Win32
		{900A19CB-6863-4C53-8852-9262E797A7DA}.Release|x64.ActiveCfg = Release|x64
		{900A19CB-6863-4C53-8852-9262E797A7DA}.Release|x64.Build.0 = Release|x64
		{900A19CB-6863-4C53-8852-9262E797A7DA}.Release|x86.ActiveCfg = Release|Win32
		{900A19CB-6863-4C53-8852-9262E797A7DA}.Release|x86.Build.0 = Release|Win32
	EndGlobalSection
	GlobalSection(SolutionProperties) = preSolution
		HideSolutionNode = FALSE
	EndGlobalSection
	GlobalSection(ExtensibilityGlobals) = postSolution
		SolutionGuid = {6117E3ED-80A5-449B-8ACB-5292160F8A20}
	EndGlobalSection
EndGlobal
